// !$*UTF8*$!
{
	archiveVersion = 1;
	classes = {
	};
	objectVersion = 56;
	objects = {

/* Begin PBXBuildFile section */
		143600012C9434B600FC9007 /* DashBoardViewModel.swift in Sources */ = {isa = PBXBuildFile; fileRef = 143600002C9434B600FC9007 /* DashBoardViewModel.swift */; };
		143600032C9436D500FC9007 /* Status.swift in Sources */ = {isa = PBXBuildFile; fileRef = 143600022C9436D500FC9007 /* Status.swift */; };
		143600052C94385200FC9007 /* Priority.swift in Sources */ = {isa = PBXBuildFile; fileRef = 143600042C94385200FC9007 /* Priority.swift */; };
		143600072C9445AC00FC9007 /* Task.swift in Sources */ = {isa = PBXBuildFile; fileRef = 143600062C9445AC00FC9007 /* Task.swift */; };
		1436FFFD2C9431E500FC9007 /* DashboardView.swift in Sources */ = {isa = PBXBuildFile; fileRef = 1436FFFC2C9431E400FC9007 /* DashboardView.swift */; };
		1436FFFF2C94321700FC9007 /* TaskCardView.swift in Sources */ = {isa = PBXBuildFile; fileRef = 1436FFFE2C94321700FC9007 /* TaskCardView.swift */; };
		14C8CBB02C92EAFF00C20BEA /* TaskManagementApplicationApp.swift in Sources */ = {isa = PBXBuildFile; fileRef = 14C8CBAF2C92EAFF00C20BEA /* TaskManagementApplicationApp.swift */; };
		14C8CBB42C92EB0200C20BEA /* Assets.xcassets in Resources */ = {isa = PBXBuildFile; fileRef = 14C8CBB32C92EB0200C20BEA /* Assets.xcassets */; };
		14C8CBB72C92EB0200C20BEA /* Preview Assets.xcassets in Resources */ = {isa = PBXBuildFile; fileRef = 14C8CBB62C92EB0200C20BEA /* Preview Assets.xcassets */; };
		14C8CBBE2C92EB3000C20BEA /* SplashScreenView.swift in Sources */ = {isa = PBXBuildFile; fileRef = 14C8CBBD2C92EB3000C20BEA /* SplashScreenView.swift */; };
		14C8CBC12C92EBC600C20BEA /* SignUpView.swift in Sources */ = {isa = PBXBuildFile; fileRef = 14C8CBC02C92EBC600C20BEA /* SignUpView.swift */; };
		14C8CBC32C92EC2C00C20BEA /* LoginView.swift in Sources */ = {isa = PBXBuildFile; fileRef = 14C8CBC22C92EC2C00C20BEA /* LoginView.swift */; };
		14C8CBC62C92EC4800C20BEA /* ApiService.swift in Sources */ = {isa = PBXBuildFile; fileRef = 14C8CBC52C92EC4800C20BEA /* ApiService.swift */; };
		14C8CBC92C92EFA600C20BEA /* Alamofire in Frameworks */ = {isa = PBXBuildFile; productRef = 14C8CBC82C92EFA600C20BEA /* Alamofire */; };
		14C8CBCC2C92EFE800C20BEA /* Constant.swift in Sources */ = {isa = PBXBuildFile; fileRef = 14C8CBCB2C92EFE800C20BEA /* Constant.swift */; };
		14C8CBD02C92F11500C20BEA /* UserRole.swift in Sources */ = {isa = PBXBuildFile; fileRef = 14C8CBCF2C92F11500C20BEA /* UserRole.swift */; };
		14C8CBD22C92F13F00C20BEA /* User.swift in Sources */ = {isa = PBXBuildFile; fileRef = 14C8CBD12C92F13F00C20BEA /* User.swift */; };
		14C8CBD52C92F28700C20BEA /* SignUpViewModel.swift in Sources */ = {isa = PBXBuildFile; fileRef = 14C8CBD42C92F28700C20BEA /* SignUpViewModel.swift */; };
		14C8CBD72C930A4000C20BEA /* UserPreference.swift in Sources */ = {isa = PBXBuildFile; fileRef = 14C8CBD62C930A4000C20BEA /* UserPreference.swift */; };
		14C8CBD92C930A9500C20BEA /* LoginResponse.swift in Sources */ = {isa = PBXBuildFile; fileRef = 14C8CBD82C930A9500C20BEA /* LoginResponse.swift */; };
		14C8CBDB2C930AF300C20BEA /* LoginViewModel.swift in Sources */ = {isa = PBXBuildFile; fileRef = 14C8CBDA2C930AF300C20BEA /* LoginViewModel.swift */; };
/* End PBXBuildFile section */

/* Begin PBXFileReference section */
		143600002C9434B600FC9007 /* DashBoardViewModel.swift */ = {isa = PBXFileReference; lastKnownFileType = sourcecode.swift; path = DashBoardViewModel.swift; sourceTree = "<group>"; };
		143600022C9436D500FC9007 /* Status.swift */ = {isa = PBXFileReference; lastKnownFileType = sourcecode.swift; path = Status.swift; sourceTree = "<group>"; };
		143600042C94385200FC9007 /* Priority.swift */ = {isa = PBXFileReference; lastKnownFileType = sourcecode.swift; path = Priority.swift; sourceTree = "<group>"; };
		143600062C9445AC00FC9007 /* Task.swift */ = {isa = PBXFileReference; lastKnownFileType = sourcecode.swift; path = Task.swift; sourceTree = "<group>"; };
		1436FFFC2C9431E400FC9007 /* DashboardView.swift */ = {isa = PBXFileReference; lastKnownFileType = sourcecode.swift; path = DashboardView.swift; sourceTree = "<group>"; };
		1436FFFE2C94321700FC9007 /* TaskCardView.swift */ = {isa = PBXFileReference; lastKnownFileType = sourcecode.swift; path = TaskCardView.swift; sourceTree = "<group>"; };
		14C8CBAC2C92EAFF00C20BEA /* TaskManagementApplication.app */ = {isa = PBXFileReference; explicitFileType = wrapper.application; includeInIndex = 0; path = TaskManagementApplication.app; sourceTree = BUILT_PRODUCTS_DIR; };
		14C8CBAF2C92EAFF00C20BEA /* TaskManagementApplicationApp.swift */ = {isa = PBXFileReference; lastKnownFileType = sourcecode.swift; path = TaskManagementApplicationApp.swift; sourceTree = "<group>"; };
		14C8CBB32C92EB0200C20BEA /* Assets.xcassets */ = {isa = PBXFileReference; lastKnownFileType = folder.assetcatalog; path = Assets.xcassets; sourceTree = "<group>"; };
		14C8CBB62C92EB0200C20BEA /* Preview Assets.xcassets */ = {isa = PBXFileReference; lastKnownFileType = folder.assetcatalog; path = "Preview Assets.xcassets"; sourceTree = "<group>"; };
		14C8CBBD2C92EB3000C20BEA /* SplashScreenView.swift */ = {isa = PBXFileReference; lastKnownFileType = sourcecode.swift; path = SplashScreenView.swift; sourceTree = "<group>"; };
		14C8CBC02C92EBC600C20BEA /* SignUpView.swift */ = {isa = PBXFileReference; lastKnownFileType = sourcecode.swift; path = SignUpView.swift; sourceTree = "<group>"; };
		14C8CBC22C92EC2C00C20BEA /* LoginView.swift */ = {isa = PBXFileReference; lastKnownFileType = sourcecode.swift; path = LoginView.swift; sourceTree = "<group>"; };
		14C8CBC52C92EC4800C20BEA /* ApiService.swift */ = {isa = PBXFileReference; lastKnownFileType = sourcecode.swift; path = ApiService.swift; sourceTree = "<group>"; };
		14C8CBCB2C92EFE800C20BEA /* Constant.swift */ = {isa = PBXFileReference; lastKnownFileType = sourcecode.swift; path = Constant.swift; sourceTree = "<group>"; };
		14C8CBCF2C92F11500C20BEA /* UserRole.swift */ = {isa = PBXFileReference; lastKnownFileType = sourcecode.swift; path = UserRole.swift; sourceTree = "<group>"; };
		14C8CBD12C92F13F00C20BEA /* User.swift */ = {isa = PBXFileReference; lastKnownFileType = sourcecode.swift; path = User.swift; sourceTree = "<group>"; };
		14C8CBD42C92F28700C20BEA /* SignUpViewModel.swift */ = {isa = PBXFileReference; lastKnownFileType = sourcecode.swift; path = SignUpViewModel.swift; sourceTree = "<group>"; };
		14C8CBD62C930A4000C20BEA /* UserPreference.swift */ = {isa = PBXFileReference; lastKnownFileType = sourcecode.swift; path = UserPreference.swift; sourceTree = "<group>"; };
		14C8CBD82C930A9500C20BEA /* LoginResponse.swift */ = {isa = PBXFileReference; lastKnownFileType = sourcecode.swift; path = LoginResponse.swift; sourceTree = "<group>"; };
		14C8CBDA2C930AF300C20BEA /* LoginViewModel.swift */ = {isa = PBXFileReference; lastKnownFileType = sourcecode.swift; path = LoginViewModel.swift; sourceTree = "<group>"; };
/* End PBXFileReference section */

/* Begin PBXFrameworksBuildPhase section */
		14C8CBA92C92EAFF00C20BEA /* Frameworks */ = {
			isa = PBXFrameworksBuildPhase;
			buildActionMask = 2147483647;
			files = (
				14C8CBC92C92EFA600C20BEA /* Alamofire in Frameworks */,
			);
			runOnlyForDeploymentPostprocessing = 0;
		};
/* End PBXFrameworksBuildPhase section */

/* Begin PBXGroup section */
		14C8CBA32C92EAFF00C20BEA = {
			isa = PBXGroup;
			children = (
				14C8CBAE2C92EAFF00C20BEA /* TaskManagementApplication */,
				14C8CBAD2C92EAFF00C20BEA /* Products */,
			);
			sourceTree = "<group>";
		};
		14C8CBAD2C92EAFF00C20BEA /* Products */ = {
			isa = PBXGroup;
			children = (
				14C8CBAC2C92EAFF00C20BEA /* TaskManagementApplication.app */,
			);
			name = Products;
			sourceTree = "<group>";
		};
		14C8CBAE2C92EAFF00C20BEA /* TaskManagementApplication */ = {
			isa = PBXGroup;
			children = (
				14C8CBB32C92EB0200C20BEA /* Assets.xcassets */,
				14C8CBCD2C92F0FC00C20BEA /* Model */,
				14C8CBC42C92EC3900C20BEA /* NetworkManager */,
				14C8CBB52C92EB0200C20BEA /* Preview Content */,
				14C8CBAF2C92EAFF00C20BEA /* TaskManagementApplicationApp.swift */,
				14C8CBCA2C92EFDE00C20BEA /* Utils */,
				14C8CBBF2C92EB5B00C20BEA /* View */,
				14C8CBD32C92F27900C20BEA /* ViewModel */,
			);
			path = TaskManagementApplication;
			sourceTree = "<group>";
		};
		14C8CBB52C92EB0200C20BEA /* Preview Content */ = {
			isa = PBXGroup;
			children = (
				14C8CBB62C92EB0200C20BEA /* Preview Assets.xcassets */,
			);
			path = "Preview Content";
			sourceTree = "<group>";
		};
		14C8CBBF2C92EB5B00C20BEA /* View */ = {
			isa = PBXGroup;
			children = (
				14C8CBBD2C92EB3000C20BEA /* SplashScreenView.swift */,
				14C8CBC02C92EBC600C20BEA /* SignUpView.swift */,
				14C8CBC22C92EC2C00C20BEA /* LoginView.swift */,
				1436FFFC2C9431E400FC9007 /* DashboardView.swift */,
				1436FFFE2C94321700FC9007 /* TaskCardView.swift */,
			);
			path = View;
			sourceTree = "<group>";
		};
		14C8CBC42C92EC3900C20BEA /* NetworkManager */ = {
			isa = PBXGroup;
			children = (
				14C8CBC52C92EC4800C20BEA /* ApiService.swift */,
			);
			path = NetworkManager;
			sourceTree = "<group>";
		};
		14C8CBCA2C92EFDE00C20BEA /* Utils */ = {
			isa = PBXGroup;
			children = (
				14C8CBCB2C92EFE800C20BEA /* Constant.swift */,
				14C8CBD62C930A4000C20BEA /* UserPreference.swift */,
			);
			path = Utils;
			sourceTree = "<group>";
		};
		14C8CBCD2C92F0FC00C20BEA /* Model */ = {
			isa = PBXGroup;
			children = (
				14C8CBCF2C92F11500C20BEA /* UserRole.swift */,
				14C8CBD12C92F13F00C20BEA /* User.swift */,
				14C8CBD82C930A9500C20BEA /* LoginResponse.swift */,
				143600022C9436D500FC9007 /* Status.swift */,
				143600042C94385200FC9007 /* Priority.swift */,
				143600062C9445AC00FC9007 /* Task.swift */,
			);
			path = Model;
			sourceTree = "<group>";
		};
		14C8CBD32C92F27900C20BEA /* ViewModel */ = {
			isa = PBXGroup;
			children = (
				14C8CBD42C92F28700C20BEA /* SignUpViewModel.swift */,
				14C8CBDA2C930AF300C20BEA /* LoginViewModel.swift */,
				143600002C9434B600FC9007 /* DashBoardViewModel.swift */,
			);
			path = ViewModel;
			sourceTree = "<group>";
		};
/* End PBXGroup section */

/* Begin PBXNativeTarget section */
		14C8CBAB2C92EAFF00C20BEA /* TaskManagementApplication */ = {
			isa = PBXNativeTarget;
			buildConfigurationList = 14C8CBBA2C92EB0200C20BEA /* Build configuration list for PBXNativeTarget "TaskManagementApplication" */;
			buildPhases = (
				14C8CBA82C92EAFF00C20BEA /* Sources */,
				14C8CBA92C92EAFF00C20BEA /* Frameworks */,
				14C8CBAA2C92EAFF00C20BEA /* Resources */,
			);
			buildRules = (
			);
			dependencies = (
			);
			name = TaskManagementApplication;
			packageProductDependencies = (
				14C8CBC82C92EFA600C20BEA /* Alamofire */,
			);
			productName = TaskManagementApplication;
			productReference = 14C8CBAC2C92EAFF00C20BEA /* TaskManagementApplication.app */;
			productType = "com.apple.product-type.application";
		};
/* End PBXNativeTarget section */

/* Begin PBXProject section */
		14C8CBA42C92EAFF00C20BEA /* Project object */ = {
			isa = PBXProject;
			attributes = {
				BuildIndependentTargetsInParallel = 1;
				LastSwiftUpdateCheck = 1540;
				LastUpgradeCheck = 1540;
				TargetAttributes = {
					14C8CBAB2C92EAFF00C20BEA = {
						CreatedOnToolsVersion = 15.4;
					};
				};
			};
			buildConfigurationList = 14C8CBA72C92EAFF00C20BEA /* Build configuration list for PBXProject "TaskManagementApplication" */;
			compatibilityVersion = "Xcode 14.0";
			developmentRegion = en;
			hasScannedForEncodings = 0;
			knownRegions = (
				en,
				Base,
			);
			mainGroup = 14C8CBA32C92EAFF00C20BEA;
			packageReferences = (
				14C8CBC72C92EFA600C20BEA /* XCRemoteSwiftPackageReference "Alamofire" */,
			);
			productRefGroup = 14C8CBAD2C92EAFF00C20BEA /* Products */;
			projectDirPath = "";
			projectRoot = "";
			targets = (
				14C8CBAB2C92EAFF00C20BEA /* TaskManagementApplication */,
			);
		};
/* End PBXProject section */

/* Begin PBXResourcesBuildPhase section */
		14C8CBAA2C92EAFF00C20BEA /* Resources */ = {
			isa = PBXResourcesBuildPhase;
			buildActionMask = 2147483647;
			files = (
				14C8CBB72C92EB0200C20BEA /* Preview Assets.xcassets in Resources */,
				14C8CBB42C92EB0200C20BEA /* Assets.xcassets in Resources */,
			);
			runOnlyForDeploymentPostprocessing = 0;
		};
/* End PBXResourcesBuildPhase section */

/* Begin PBXSourcesBuildPhase section */
		14C8CBA82C92EAFF00C20BEA /* Sources */ = {
			isa = PBXSourcesBuildPhase;
			buildActionMask = 2147483647;
			files = (
				14C8CBCC2C92EFE800C20BEA /* Constant.swift in Sources */,
				14C8CBD22C92F13F00C20BEA /* User.swift in Sources */,
				14C8CBD92C930A9500C20BEA /* LoginResponse.swift in Sources */,
				143600032C9436D500FC9007 /* Status.swift in Sources */,
				1436FFFD2C9431E500FC9007 /* DashboardView.swift in Sources */,
				14C8CBD52C92F28700C20BEA /* SignUpViewModel.swift in Sources */,
				14C8CBC12C92EBC600C20BEA /* SignUpView.swift in Sources */,
				14C8CBD72C930A4000C20BEA /* UserPreference.swift in Sources */,
				143600012C9434B600FC9007 /* DashBoardViewModel.swift in Sources */,
				14C8CBD02C92F11500C20BEA /* UserRole.swift in Sources */,
				14C8CBDB2C930AF300C20BEA /* LoginViewModel.swift in Sources */,
				1436FFFF2C94321700FC9007 /* TaskCardView.swift in Sources */,
				14C8CBC62C92EC4800C20BEA /* ApiService.swift in Sources */,
				14C8CBB02C92EAFF00C20BEA /* TaskManagementApplicationApp.swift in Sources */,
				14C8CBC32C92EC2C00C20BEA /* LoginView.swift in Sources */,
				14C8CBBE2C92EB3000C20BEA /* SplashScreenView.swift in Sources */,
				143600072C9445AC00FC9007 /* Task.swift in Sources */,
				143600052C94385200FC9007 /* Priority.swift in Sources */,
			);
			runOnlyForDeploymentPostprocessing = 0;
		};
/* End PBXSourcesBuildPhase section */

/* Begin XCBuildConfiguration section */
		14C8CBB82C92EB0200C20BEA /* Debug */ = {
			isa = XCBuildConfiguration;
			buildSettings = {
				ALWAYS_SEARCH_USER_PATHS = NO;
				ASSETCATALOG_COMPILER_GENERATE_SWIFT_ASSET_SYMBOL_EXTENSIONS = YES;
				CLANG_ANALYZER_NONNULL = YES;
				CLANG_ANALYZER_NUMBER_OBJECT_CONVERSION = YES_AGGRESSIVE;
				CLANG_CXX_LANGUAGE_STANDARD = "gnu++20";
				CLANG_ENABLE_MODULES = YES;
				CLANG_ENABLE_OBJC_ARC = YES;
				CLANG_ENABLE_OBJC_WEAK = YES;
				CLANG_WARN_BLOCK_CAPTURE_AUTORELEASING = YES;
				CLANG_WARN_BOOL_CONVERSION = YES;
				CLANG_WARN_COMMA = YES;
				CLANG_WARN_CONSTANT_CONVERSION = YES;
				CLANG_WARN_DEPRECATED_OBJC_IMPLEMENTATIONS = YES;
				CLANG_WARN_DIRECT_OBJC_ISA_USAGE = YES_ERROR;
				CLANG_WARN_DOCUMENTATION_COMMENTS = YES;
				CLANG_WARN_EMPTY_BODY = YES;
				CLANG_WARN_ENUM_CONVERSION = YES;
				CLANG_WARN_INFINITE_RECURSION = YES;
				CLANG_WARN_INT_CONVERSION = YES;
				CLANG_WARN_NON_LITERAL_NULL_CONVERSION = YES;
				CLANG_WARN_OBJC_IMPLICIT_RETAIN_SELF = YES;
				CLANG_WARN_OBJC_LITERAL_CONVERSION = YES;
				CLANG_WARN_OBJC_ROOT_CLASS = YES_ERROR;
				CLANG_WARN_QUOTED_INCLUDE_IN_FRAMEWORK_HEADER = YES;
				CLANG_WARN_RANGE_LOOP_ANALYSIS = YES;
				CLANG_WARN_STRICT_PROTOTYPES = YES;
				CLANG_WARN_SUSPICIOUS_MOVE = YES;
				CLANG_WARN_UNGUARDED_AVAILABILITY = YES_AGGRESSIVE;
				CLANG_WARN_UNREACHABLE_CODE = YES;
				CLANG_WARN__DUPLICATE_METHOD_MATCH = YES;
				COPY_PHASE_STRIP = NO;
				DEBUG_INFORMATION_FORMAT = dwarf;
				ENABLE_STRICT_OBJC_MSGSEND = YES;
				ENABLE_TESTABILITY = YES;
				ENABLE_USER_SCRIPT_SANDBOXING = YES;
				GCC_C_LANGUAGE_STANDARD = gnu17;
				GCC_DYNAMIC_NO_PIC = NO;
				GCC_NO_COMMON_BLOCKS = YES;
				GCC_OPTIMIZATION_LEVEL = 0;
				GCC_PREPROCESSOR_DEFINITIONS = (
					"DEBUG=1",
					"$(inherited)",
				);
				GCC_WARN_64_TO_32_BIT_CONVERSION = YES;
				GCC_WARN_ABOUT_RETURN_TYPE = YES_ERROR;
				GCC_WARN_UNDECLARED_SELECTOR = YES;
				GCC_WARN_UNINITIALIZED_AUTOS = YES_AGGRESSIVE;
				GCC_WARN_UNUSED_FUNCTION = YES;
				GCC_WARN_UNUSED_VARIABLE = YES;
				IPHONEOS_DEPLOYMENT_TARGET = 17.5;
				LOCALIZATION_PREFERS_STRING_CATALOGS = YES;
				MTL_ENABLE_DEBUG_INFO = INCLUDE_SOURCE;
				MTL_FAST_MATH = YES;
				ONLY_ACTIVE_ARCH = YES;
				SDKROOT = iphoneos;
				SWIFT_ACTIVE_COMPILATION_CONDITIONS = "DEBUG $(inherited)";
				SWIFT_OPTIMIZATION_LEVEL = "-Onone";
			};
			name = Debug;
		};
		14C8CBB92C92EB0200C20BEA /* Release */ = {
			isa = XCBuildConfiguration;
			buildSettings = {
				ALWAYS_SEARCH_USER_PATHS = NO;
				ASSETCATALOG_COMPILER_GENERATE_SWIFT_ASSET_SYMBOL_EXTENSIONS = YES;
				CLANG_ANALYZER_NONNULL = YES;
				CLANG_ANALYZER_NUMBER_OBJECT_CONVERSION = YES_AGGRESSIVE;
				CLANG_CXX_LANGUAGE_STANDARD = "gnu++20";
				CLANG_ENABLE_MODULES = YES;
				CLANG_ENABLE_OBJC_ARC = YES;
				CLANG_ENABLE_OBJC_WEAK = YES;
				CLANG_WARN_BLOCK_CAPTURE_AUTORELEASING = YES;
				CLANG_WARN_BOOL_CONVERSION = YES;
				CLANG_WARN_COMMA = YES;
				CLANG_WARN_CONSTANT_CONVERSION = YES;
				CLANG_WARN_DEPRECATED_OBJC_IMPLEMENTATIONS = YES;
				CLANG_WARN_DIRECT_OBJC_ISA_USAGE = YES_ERROR;
				CLANG_WARN_DOCUMENTATION_COMMENTS = YES;
				CLANG_WARN_EMPTY_BODY = YES;
				CLANG_WARN_ENUM_CONVERSION = YES;
				CLANG_WARN_INFINITE_RECURSION = YES;
				CLANG_WARN_INT_CONVERSION = YES;
				CLANG_WARN_NON_LITERAL_NULL_CONVERSION = YES;
				CLANG_WARN_OBJC_IMPLICIT_RETAIN_SELF = YES;
				CLANG_WARN_OBJC_LITERAL_CONVERSION = YES;
				CLANG_WARN_OBJC_ROOT_CLASS = YES_ERROR;
				CLANG_WARN_QUOTED_INCLUDE_IN_FRAMEWORK_HEADER = YES;
				CLANG_WARN_RANGE_LOOP_ANALYSIS = YES;
				CLANG_WARN_STRICT_PROTOTYPES = YES;
				CLANG_WARN_SUSPICIOUS_MOVE = YES;
				CLANG_WARN_UNGUARDED_AVAILABILITY = YES_AGGRESSIVE;
				CLANG_WARN_UNREACHABLE_CODE = YES;
				CLANG_WARN__DUPLICATE_METHOD_MATCH = YES;
				COPY_PHASE_STRIP = NO;
				DEBUG_INFORMATION_FORMAT = "dwarf-with-dsym";
				ENABLE_NS_ASSERTIONS = NO;
				ENABLE_STRICT_OBJC_MSGSEND = YES;
				ENABLE_USER_SCRIPT_SANDBOXING = YES;
				GCC_C_LANGUAGE_STANDARD = gnu17;
				GCC_NO_COMMON_BLOCKS = YES;
				GCC_WARN_64_TO_32_BIT_CONVERSION = YES;
				GCC_WARN_ABOUT_RETURN_TYPE = YES_ERROR;
				GCC_WARN_UNDECLARED_SELECTOR = YES;
				GCC_WARN_UNINITIALIZED_AUTOS = YES_AGGRESSIVE;
				GCC_WARN_UNUSED_FUNCTION = YES;
				GCC_WARN_UNUSED_VARIABLE = YES;
				IPHONEOS_DEPLOYMENT_TARGET = 17.5;
				LOCALIZATION_PREFERS_STRING_CATALOGS = YES;
				MTL_ENABLE_DEBUG_INFO = NO;
				MTL_FAST_MATH = YES;
				SDKROOT = iphoneos;
				SWIFT_COMPILATION_MODE = wholemodule;
				VALIDATE_PRODUCT = YES;
			};
			name = Release;
		};
		14C8CBBB2C92EB0200C20BEA /* Debug */ = {
			isa = XCBuildConfiguration;
			buildSettings = {
				ASSETCATALOG_COMPILER_APPICON_NAME = AppIcon;
				ASSETCATALOG_COMPILER_GLOBAL_ACCENT_COLOR_NAME = AccentColor;
				CODE_SIGN_STYLE = Automatic;
				CURRENT_PROJECT_VERSION = 1;
				DEVELOPMENT_ASSET_PATHS = "\"TaskManagementApplication/Preview Content\"";
				DEVELOPMENT_TEAM = GD6Y73A3Q4;
				ENABLE_PREVIEWS = YES;
				GENERATE_INFOPLIST_FILE = YES;
				INFOPLIST_KEY_UIApplicationSceneManifest_Generation = YES;
				INFOPLIST_KEY_UIApplicationSupportsIndirectInputEvents = YES;
				INFOPLIST_KEY_UILaunchScreen_Generation = YES;
				INFOPLIST_KEY_UISupportedInterfaceOrientations_iPad = "UIInterfaceOrientationPortrait UIInterfaceOrientationPortraitUpsideDown UIInterfaceOrientationLandscapeLeft UIInterfaceOrientationLandscapeRight";
				INFOPLIST_KEY_UISupportedInterfaceOrientations_iPhone = "UIInterfaceOrientationPortrait UIInterfaceOrientationLandscapeLeft UIInterfaceOrientationLandscapeRight";
				LD_RUNPATH_SEARCH_PATHS = (
					"$(inherited)",
					"@executable_path/Frameworks",
				);
				MARKETING_VERSION = 1.0;
				PRODUCT_BUNDLE_IDENTIFIER = com.sarthak.TaskManagementApplication;
				PRODUCT_NAME = "$(TARGET_NAME)";
				SWIFT_EMIT_LOC_STRINGS = YES;
				SWIFT_VERSION = 5.0;
				TARGETED_DEVICE_FAMILY = "1,2";
			};
			name = Debug;
		};
		14C8CBBC2C92EB0200C20BEA /* Release */ = {
			isa = XCBuildConfiguration;
			buildSettings = {
				ASSETCATALOG_COMPILER_APPICON_NAME = AppIcon;
				ASSETCATALOG_COMPILER_GLOBAL_ACCENT_COLOR_NAME = AccentColor;
				CODE_SIGN_STYLE = Automatic;
				CURRENT_PROJECT_VERSION = 1;
				DEVELOPMENT_ASSET_PATHS = "\"TaskManagementApplication/Preview Content\"";
				DEVELOPMENT_TEAM = GD6Y73A3Q4;
				ENABLE_PREVIEWS = YES;
				GENERATE_INFOPLIST_FILE = YES;
				INFOPLIST_KEY_UIApplicationSceneManifest_Generation = YES;
				INFOPLIST_KEY_UIApplicationSupportsIndirectInputEvents = YES;
				INFOPLIST_KEY_UILaunchScreen_Generation = YES;
				INFOPLIST_KEY_UISupportedInterfaceOrientations_iPad = "UIInterfaceOrientationPortrait UIInterfaceOrientationPortraitUpsideDown UIInterfaceOrientationLandscapeLeft UIInterfaceOrientationLandscapeRight";
				INFOPLIST_KEY_UISupportedInterfaceOrientations_iPhone = "UIInterfaceOrientationPortrait UIInterfaceOrientationLandscapeLeft UIInterfaceOrientationLandscapeRight";
				LD_RUNPATH_SEARCH_PATHS = (
					"$(inherited)",
					"@executable_path/Frameworks",
				);
				MARKETING_VERSION = 1.0;
				PRODUCT_BUNDLE_IDENTIFIER = com.sarthak.TaskManagementApplication;
				PRODUCT_NAME = "$(TARGET_NAME)";
				SWIFT_EMIT_LOC_STRINGS = YES;
				SWIFT_VERSION = 5.0;
				TARGETED_DEVICE_FAMILY = "1,2";
			};
			name = Release;
		};
/* End XCBuildConfiguration section */

/* Begin XCConfigurationList section */
		14C8CBA72C92EAFF00C20BEA /* Build configuration list for PBXProject "TaskManagementApplication" */ = {
			isa = XCConfigurationList;
			buildConfigurations = (
				14C8CBB82C92EB0200C20BEA /* Debug */,
				14C8CBB92C92EB0200C20BEA /* Release */,
			);
			defaultConfigurationIsVisible = 0;
			defaultConfigurationName = Release;
		};
		14C8CBBA2C92EB0200C20BEA /* Build configuration list for PBXNativeTarget "TaskManagementApplication" */ = {
			isa = XCConfigurationList;
			buildConfigurations = (
				14C8CBBB2C92EB0200C20BEA /* Debug */,
				14C8CBBC2C92EB0200C20BEA /* Release */,
			);
			defaultConfigurationIsVisible = 0;
			defaultConfigurationName = Release;
		};
/* End XCConfigurationList section */

/* Begin XCRemoteSwiftPackageReference section */
		14C8CBC72C92EFA600C20BEA /* XCRemoteSwiftPackageReference "Alamofire" */ = {
			isa = XCRemoteSwiftPackageReference;
			repositoryURL = "https://github.com/Alamofire/Alamofire.git";
			requirement = {
				kind = upToNextMajorVersion;
				minimumVersion = 5.9.1;
			};
		};
/* End XCRemoteSwiftPackageReference section */

/* Begin XCSwiftPackageProductDependency section */
		14C8CBC82C92EFA600C20BEA /* Alamofire */ = {
			isa = XCSwiftPackageProductDependency;
			package = 14C8CBC72C92EFA600C20BEA /* XCRemoteSwiftPackageReference "Alamofire" */;
			productName = Alamofire;
		};
/* End XCSwiftPackageProductDependency section */
	};
	rootObject = 14C8CBA42C92EAFF00C20BEA /* Project object */;
}
